
Microsoft Visual Studio Solution File, Format Version 12.00
# Visual Studio Version 17
VisualStudioVersion = 17.5.33530.505
MinimumVisualStudioVersion = 10.0.40219.1
Project("{FAE04EC0-301F-11D3-BF4B-00C04F79EFBC}") = "Mercadona", "Mercadona\Mercadona.csproj", "{47639BD7-55BE-4F5B-A232-35903D5BF1A4}"
EndProject
Global
	GlobalSection(SolutionConfigurationPlatforms) = preSolution
		Debug|Any CPU = Debug|Any CPU
		Release|Any CPU = Release|Any CPU
	EndGlobalSection
	GlobalSection(ProjectConfigurationPlatforms) = postSolution
		{47639BD7-55BE-4F5B-A232-35903D5BF1A4}.Debug|Any CPU.ActiveCfg = Debug|Any CPU
		{47639BD7-55BE-4F5B-A232-35903D5BF1A4}.Debug|Any CPU.Build.0 = Debug|Any CPU
		{47639BD7-55BE-4F5B-A232-35903D5BF1A4}.Release|Any CPU.ActiveCfg = Release|Any CPU
		{47639BD7-55BE-4F5B-A232-35903D5BF1A4}.Release|Any CPU.Build.0 = Release|Any CPU
	EndGlobalSection
	GlobalSection(SolutionProperties) = preSolution
		HideSolutionNode = FALSE
	EndGlobalSection
	GlobalSection(ExtensibilityGlobals) = postSolution
		SolutionGuid = {24B6321F-73BA-4083-BE55-25225BA7BB87}
	EndGlobalSection
EndGlobal
